<?xml version="1.0" encoding="utf-8"?>
<Project ToolsVersion="4.0" xmlns="http://schemas.microsoft.com/developer/msbuild/2003">
  <ItemGroup>
    <Filter Include="Classes">
      <UniqueIdentifier>{fc5cb953-2953-4968-83b3-39e3ff951754}</UniqueIdentifier>
    </Filter>
    <Filter Include="win32">
      <UniqueIdentifier>{037a9a02-b906-4cc5-ad98-304acd4e25ee}</UniqueIdentifier>
    </Filter>
    <Filter Include="resource">
      <UniqueIdentifier>{2d1d0979-58cd-4ab6-b91c-13650158f1fa}</UniqueIdentifier>
    </Filter>
    <Filter Include="Classes\lua">
      <UniqueIdentifier>{36077fe7-3f5d-4c87-89fe-a102eae4eaed}</UniqueIdentifier>
    </Filter>
    <Filter Include="Classes\containers">
      <UniqueIdentifier>{36dca92b-8eb6-4478-8aa1-f05cade64ab2}</UniqueIdentifier>
    </Filter>
    <Filter Include="Classes\scene">
      <UniqueIdentifier>{d503b96b-06d2-4593-9d21-123c5292da8f}</UniqueIdentifier>
    </Filter>
    <Filter Include="Classes\ui">
      <UniqueIdentifier>{d8c077d0-f431-4c32-9d94-a071c7661822}</UniqueIdentifier>
    </Filter>
    <Filter Include="Classes\ui\controls">
      <UniqueIdentifier>{ad05e297-83e9-43df-9698-3d800cb531af}</UniqueIdentifier>
    </Filter>
    <Filter Include="Classes\ui\layers">
      <UniqueIdentifier>{939544ee-3767-4fca-8939-3538cf618edc}</UniqueIdentifier>
    </Filter>
  </ItemGroup>
  <ItemGroup>
    <ClInclude Include="..\Classes\AppDelegate.h">
      <Filter>Classes</Filter>
    </ClInclude>
    <ClInclude Include="main.h">
      <Filter>win32</Filter>
    </ClInclude>
    <ClInclude Include="resource.h" />
    <ClInclude Include="..\Classes\Framework\containers\Stack.h">
      <Filter>Classes\containers</Filter>
    </ClInclude>
    <ClInclude Include="..\Classes\Framework\containers\Queue.h">
      <Filter>Classes\containers</Filter>
    </ClInclude>
    <ClInclude Include="..\Classes\Framework\scene\ViewController.h">
      <Filter>Classes\scene</Filter>
    </ClInclude>
    <ClInclude Include="..\Classes\Framework\lua\LuaUtils.h">
      <Filter>Classes\lua</Filter>
    </ClInclude>
    <ClInclude Include="..\Classes\Test.h">
      <Filter>Classes</Filter>
    </ClInclude>
    <ClInclude Include="..\Classes\Framework\scene\GameScene.h">
      <Filter>Classes\scene</Filter>
    </ClInclude>
    <ClInclude Include="..\Classes\Framework\ui\Button.h">
      <Filter>Classes\ui\controls</Filter>
    </ClInclude>
    <ClInclude Include="..\Classes\Framework\framework.h">
      <Filter>Classes</Filter>
    </ClInclude>
    <ClInclude Include="..\Classes\Framework\ui\EventLayer.h">
      <Filter>Classes\ui\layers</Filter>
    </ClInclude>
    <ClInclude Include="..\Classes\Framework\ui\GameLayer.h">
      <Filter>Classes\ui\layers</Filter>
    </ClInclude>
    <ClInclude Include="..\Classes\Framework\ui\MaskLayer.h">
      <Filter>Classes\ui\layers</Filter>
    </ClInclude>
    <ClInclude Include="..\Classes\Framework\ui\EventNode.h">
      <Filter>Classes\ui\controls</Filter>
    </ClInclude>
    <ClInclude Include="..\Classes\Framework\ui\TextBlock.h">
      <Filter>Classes\ui\controls</Filter>
    </ClInclude>
  </ItemGroup>
  <ItemGroup>
    <ClCompile Include="..\Classes\AppDelegate.cpp">
      <Filter>Classes</Filter>
    </ClCompile>
    <ClCompile Include="main.cpp">
      <Filter>win32</Filter>
    </ClCompile>
    <ClCompile Include="..\Classes\Framework\scene\ViewController.cpp">
      <Filter>Classes\scene</Filter>
    </ClCompile>
    <ClCompile Include="..\Classes\Framework\lua\LuaUtils.cpp">
      <Filter>Classes\lua</Filter>
    </ClCompile>
    <ClCompile Include="..\Classes\Test.cpp">
      <Filter>Classes</Filter>
    </ClCompile>
    <ClCompile Include="..\Classes\Framework\scene\GameScene.cpp">
      <Filter>Classes\scene</Filter>
    </ClCompile>
    <ClCompile Include="..\Classes\Framework\ui\Button.cpp">
      <Filter>Classes\ui\controls</Filter>
    </ClCompile>
    <ClCompile Include="..\Classes\Framework\ui\EventLayer.cpp">
      <Filter>Classes\ui\layers</Filter>
    </ClCompile>
    <ClCompile Include="..\Classes\Framework\ui\GameLayer.cpp">
      <Filter>Classes\ui\layers</Filter>
    </ClCompile>
    <ClCompile Include="..\Classes\Framework\ui\MaskLayer.cpp">
      <Filter>Classes\ui\layers</Filter>
    </ClCompile>
    <ClCompile Include="..\Classes\Framework\ui\EventNode.cpp">
      <Filter>Classes\ui\controls</Filter>
    </ClCompile>
    <ClCompile Include="..\Classes\Framework\ui\TextBlock.cpp">
      <Filter>Classes\ui\controls</Filter>
    </ClCompile>
  </ItemGroup>
  <ItemGroup>
    <ResourceCompile Include="game.rc">
      <Filter>resource</Filter>
    </ResourceCompile>
  </ItemGroup>
  <ItemGroup>
    <Image Include="res\game.ico" />
  </ItemGroup>
</Project>