<?xml version="1.0" encoding="utf-8"?>
<Project ToolsVersion="4.0" xmlns="http://schemas.microsoft.com/developer/msbuild/2003">
  <ItemGroup>
    <Filter Include="Classes">
      <UniqueIdentifier>{fc5cb953-2953-4968-83b3-39e3ff951754}</UniqueIdentifier>
    </Filter>
    <Filter Include="win32">
      <UniqueIdentifier>{037a9a02-b906-4cc5-ad98-304acd4e25ee}</UniqueIdentifier>
    </Filter>
    <Filter Include="resource">
      <UniqueIdentifier>{2d1d0979-58cd-4ab6-b91c-13650158f1fa}</UniqueIdentifier>
    </Filter>
    <Filter Include="Classes\psframework">
      <UniqueIdentifier>{50bc3b4c-5139-4d23-b29b-a8fd4d8ff88e}</UniqueIdentifier>
    </Filter>
    <Filter Include="Classes\psframework\lua">
      <UniqueIdentifier>{94c3ba0d-84f1-4317-bf3b-be0ba65a2c97}</UniqueIdentifier>
    </Filter>
    <Filter Include="Classes\psframework\containers">
      <UniqueIdentifier>{2125e934-4733-43b1-bf2c-39b2c355c683}</UniqueIdentifier>
    </Filter>
    <Filter Include="Classes\psframework\scene">
      <UniqueIdentifier>{421afae6-c1d3-425b-80c3-80b1b7b0a715}</UniqueIdentifier>
    </Filter>
    <Filter Include="Classes\psframework\sqlite">
      <UniqueIdentifier>{596b5922-2dd6-4f57-b2fd-17826e5d608f}</UniqueIdentifier>
    </Filter>
    <Filter Include="Classes\psframework\sqlite\libsqlite">
      <UniqueIdentifier>{61a13813-d7f4-42b0-9289-03be19d7797b}</UniqueIdentifier>
    </Filter>
    <Filter Include="Classes\psframework\ui">
      <UniqueIdentifier>{92aed5d1-4791-479c-8411-81b99f3c8842}</UniqueIdentifier>
    </Filter>
    <Filter Include="Classes\psframework\utils">
      <UniqueIdentifier>{8d7243fc-d8d7-4d93-a348-08e9ab323eb1}</UniqueIdentifier>
    </Filter>
    <Filter Include="Classes\psframework\base">
      <UniqueIdentifier>{b83720ec-8d60-4503-9917-ba11c1435d63}</UniqueIdentifier>
    </Filter>
    <Filter Include="Classes\psframework\controls">
      <UniqueIdentifier>{48668a2c-e359-48ec-9bb8-a3a6483c6e3c}</UniqueIdentifier>
    </Filter>
  </ItemGroup>
  <ItemGroup>
    <ClInclude Include="..\Classes\AppDelegate.h">
      <Filter>Classes</Filter>
    </ClInclude>
    <ClInclude Include="main.h">
      <Filter>win32</Filter>
    </ClInclude>
    <ClInclude Include="resource.h" />
    <ClInclude Include="..\Classes\Framework\framework.h">
      <Filter>Classes\psframework</Filter>
    </ClInclude>
    <ClInclude Include="..\Classes\Framework\ui\GameLayer.h">
      <Filter>Classes\psframework\ui</Filter>
    </ClInclude>
    <ClInclude Include="..\Classes\Framework\ui\MaskLayer.h">
      <Filter>Classes\psframework\ui</Filter>
    </ClInclude>
    <ClInclude Include="..\Classes\Framework\lua\lua_framework_auto.hpp">
      <Filter>Classes\psframework\lua</Filter>
    </ClInclude>
    <ClInclude Include="..\Classes\Framework\lua\LuaUtils.h">
      <Filter>Classes\psframework\lua</Filter>
    </ClInclude>
    <ClInclude Include="..\Classes\Framework\containers\Queue.h">
      <Filter>Classes\psframework\containers</Filter>
    </ClInclude>
    <ClInclude Include="..\Classes\Framework\containers\Stack.h">
      <Filter>Classes\psframework\containers</Filter>
    </ClInclude>
    <ClInclude Include="..\Classes\Framework\scene\GameScene.h">
      <Filter>Classes\psframework\scene</Filter>
    </ClInclude>
    <ClInclude Include="..\Classes\Framework\scene\ViewController.h">
      <Filter>Classes\psframework\scene</Filter>
    </ClInclude>
    <ClInclude Include="..\Classes\Framework\version.h">
      <Filter>Classes\psframework</Filter>
    </ClInclude>
    <ClInclude Include="..\Classes\Framework\sqlite\libsqlite\sqlite3.h">
      <Filter>Classes\psframework\sqlite\libsqlite</Filter>
    </ClInclude>
    <ClInclude Include="..\Classes\Framework\sqlite\libsqlite\sqlite3ext.h">
      <Filter>Classes\psframework\sqlite\libsqlite</Filter>
    </ClInclude>
    <ClInclude Include="..\Classes\Framework\sqlite\SqliteDb.h">
      <Filter>Classes\psframework\sqlite</Filter>
    </ClInclude>
    <ClInclude Include="..\Classes\Framework\ui\CoreLayer.h">
      <Filter>Classes\psframework\ui</Filter>
    </ClInclude>
    <ClInclude Include="..\Classes\Framework\ui\ModalLayer.h">
      <Filter>Classes\psframework\ui</Filter>
    </ClInclude>
    <ClInclude Include="..\Classes\Framework\utils\ScriptCCBReader.h">
      <Filter>Classes\psframework\utils</Filter>
    </ClInclude>
    <ClInclude Include="..\Classes\Framework\utils\IOUtils.h">
      <Filter>Classes\psframework\utils</Filter>
    </ClInclude>
    <ClInclude Include="..\Classes\Framework\utils\RecordHelper.h">
      <Filter>Classes\psframework\utils</Filter>
    </ClInclude>
    <ClInclude Include="..\Classes\Framework\containers\Vector.h">
      <Filter>Classes\psframework\containers</Filter>
    </ClInclude>
    <ClInclude Include="..\Classes\Framework\containers\Map.h">
      <Filter>Classes\psframework\containers</Filter>
    </ClInclude>
    <ClInclude Include="..\Classes\Framework\base\RefString.h">
      <Filter>Classes\psframework\base</Filter>
    </ClInclude>
    <ClInclude Include="..\Classes\Framework\base\RefInteger.h">
      <Filter>Classes\psframework\base</Filter>
    </ClInclude>
    <ClInclude Include="..\Classes\Framework\base\RefDouble.h">
      <Filter>Classes\psframework\base</Filter>
    </ClInclude>
    <ClInclude Include="..\Classes\Framework\controls\CursorTextField.h">
      <Filter>Classes\psframework\controls</Filter>
    </ClInclude>
  </ItemGroup>
  <ItemGroup>
    <ClCompile Include="..\Classes\AppDelegate.cpp">
      <Filter>Classes</Filter>
    </ClCompile>
    <ClCompile Include="main.cpp">
      <Filter>win32</Filter>
    </ClCompile>
    <ClCompile Include="..\Classes\Framework\ui\GameLayer.cpp">
      <Filter>Classes\psframework\ui</Filter>
    </ClCompile>
    <ClCompile Include="..\Classes\Framework\ui\MaskLayer.cpp">
      <Filter>Classes\psframework\ui</Filter>
    </ClCompile>
    <ClCompile Include="..\Classes\Framework\lua\lua_framework_auto.cpp">
      <Filter>Classes\psframework\lua</Filter>
    </ClCompile>
    <ClCompile Include="..\Classes\Framework\lua\LuaUtils.cpp">
      <Filter>Classes\psframework\lua</Filter>
    </ClCompile>
    <ClCompile Include="..\Classes\Framework\containers\Queue.cpp">
      <Filter>Classes\psframework\containers</Filter>
    </ClCompile>
    <ClCompile Include="..\Classes\Framework\containers\Stack.cpp">
      <Filter>Classes\psframework\containers</Filter>
    </ClCompile>
    <ClCompile Include="..\Classes\Framework\scene\GameScene.cpp">
      <Filter>Classes\psframework\scene</Filter>
    </ClCompile>
    <ClCompile Include="..\Classes\Framework\scene\ViewController.cpp">
      <Filter>Classes\psframework\scene</Filter>
    </ClCompile>
    <ClCompile Include="..\Classes\Framework\sqlite\libsqlite\sqlite3.c">
      <Filter>Classes\psframework\sqlite\libsqlite</Filter>
    </ClCompile>
    <ClCompile Include="..\Classes\Framework\sqlite\SqliteDb.cpp">
      <Filter>Classes\psframework\sqlite</Filter>
    </ClCompile>
    <ClCompile Include="..\Classes\Framework\ui\CoreLayer.cpp">
      <Filter>Classes\psframework\ui</Filter>
    </ClCompile>
    <ClCompile Include="..\Classes\Framework\ui\ModalLayer.cpp">
      <Filter>Classes\psframework\ui</Filter>
    </ClCompile>
    <ClCompile Include="..\Classes\Framework\utils\ScriptCCBReader.cpp">
      <Filter>Classes\psframework\utils</Filter>
    </ClCompile>
    <ClCompile Include="..\Classes\Framework\utils\IOUtils.cpp">
      <Filter>Classes\psframework\utils</Filter>
    </ClCompile>
    <ClCompile Include="..\Classes\Framework\utils\RecordHelper.cpp">
      <Filter>Classes\psframework\utils</Filter>
    </ClCompile>
    <ClCompile Include="..\Classes\Framework\containers\Vector.cpp">
      <Filter>Classes\psframework\containers</Filter>
    </ClCompile>
    <ClCompile Include="..\Classes\Framework\containers\Map.cpp">
      <Filter>Classes\psframework\containers</Filter>
    </ClCompile>
    <ClCompile Include="..\Classes\Framework\base\RefString.cpp">
      <Filter>Classes\psframework\base</Filter>
    </ClCompile>
    <ClCompile Include="..\Classes\Framework\base\RefInteger.cpp">
      <Filter>Classes\psframework\base</Filter>
    </ClCompile>
    <ClCompile Include="..\Classes\Framework\base\RefDouble.cpp">
      <Filter>Classes\psframework\base</Filter>
    </ClCompile>
    <ClCompile Include="..\Classes\Framework\controls\CursorTextField.cpp">
      <Filter>Classes\psframework\controls</Filter>
    </ClCompile>
  </ItemGroup>
  <ItemGroup>
    <ResourceCompile Include="game.rc">
      <Filter>resource</Filter>
    </ResourceCompile>
  </ItemGroup>
  <ItemGroup>
    <Image Include="res\game.ico" />
  </ItemGroup>
</Project>